// !$*UTF8*$!
{
	archiveVersion = 1;
	classes = {
	};
	objectVersion = 48;
	objects = {

/* Begin PBXBuildFile section */
		63D3070FE12BA44A925BFB6E /* Pods_hotmoto.framework in Frameworks */ = {isa = PBXBuildFile; fileRef = 449E63D2DC3251B378E1C6C2 /* Pods_hotmoto.framework */; };
		E5212E87207460A600202CC9 /* GreenView.swift in Sources */ = {isa = PBXBuildFile; fileRef = E5212E86207460A600202CC9 /* GreenView.swift */; };
		E530A8B6207760C3006D1454 /* Park.swift in Sources */ = {isa = PBXBuildFile; fileRef = E530A8B5207760C3006D1454 /* Park.swift */; };
		E530A8B8207766D2006D1454 /* Guest.swift in Sources */ = {isa = PBXBuildFile; fileRef = E530A8B7207766D2006D1454 /* Guest.swift */; };
		E542786C20F0BDF300C302CE /* InputTextCell.swift in Sources */ = {isa = PBXBuildFile; fileRef = E542786A20F0BDF300C302CE /* InputTextCell.swift */; };
		E542786D20F0BDF300C302CE /* InputTextCell.xib in Resources */ = {isa = PBXBuildFile; fileRef = E542786B20F0BDF300C302CE /* InputTextCell.xib */; };
		E542A8D6207A194F009DF90E /* README.md in Resources */ = {isa = PBXBuildFile; fileRef = E542A8D5207A194F009DF90E /* README.md */; };
		E54C7E2D2126CDCF00EC5278 /* GoogleMaps.bundle in Resources */ = {isa = PBXBuildFile; fileRef = E54C7E2C2126CDCF00EC5278 /* GoogleMaps.bundle */; };
		E5547BFE20E07E3A0062E83E /* GooglePlaces.swift in Sources */ = {isa = PBXBuildFile; fileRef = E5547BFC20E07E3A0062E83E /* GooglePlaces.swift */; };
		E570172D21045D1B00A29D4B /* GreenExtension+UIColor.swift in Sources */ = {isa = PBXBuildFile; fileRef = E570172C21045D1B00A29D4B /* GreenExtension+UIColor.swift */; };
		E578B0F220BAFEB100D8F0A9 /* DSCameraHandler.swift in Sources */ = {isa = PBXBuildFile; fileRef = E578B0F120BAFEB100D8F0A9 /* DSCameraHandler.swift */; };
		E578B0F420BB002900D8F0A9 /* UIViewController+ImagePicker.swift in Sources */ = {isa = PBXBuildFile; fileRef = E578B0F320BB002900D8F0A9 /* UIViewController+ImagePicker.swift */; };
		E580F3C22126C73F001EF05B /* InfoItemCell.swift in Sources */ = {isa = PBXBuildFile; fileRef = E580F3A82126C73F001EF05B /* InfoItemCell.swift */; };
		E580F3C32126C73F001EF05B /* InfoParkView.xib in Resources */ = {isa = PBXBuildFile; fileRef = E580F3A92126C73F001EF05B /* InfoParkView.xib */; };
		E580F3C42126C73F001EF05B /* InfoItemCell.xib in Resources */ = {isa = PBXBuildFile; fileRef = E580F3AA2126C73F001EF05B /* InfoItemCell.xib */; };
		E580F3C52126C740001EF05B /* InfoParkView.swift in Sources */ = {isa = PBXBuildFile; fileRef = E580F3AB2126C73F001EF05B /* InfoParkView.swift */; };
		E580F3C62126C740001EF05B /* SlectionBarView.xib in Resources */ = {isa = PBXBuildFile; fileRef = E580F3AD2126C73F001EF05B /* SlectionBarView.xib */; };
		E580F3C72126C740001EF05B /* SlectionBarView.swift in Sources */ = {isa = PBXBuildFile; fileRef = E580F3AE2126C73F001EF05B /* SlectionBarView.swift */; };
		E580F3C82126C740001EF05B /* DataPickerViewController.xib in Resources */ = {isa = PBXBuildFile; fileRef = E580F3B02126C73F001EF05B /* DataPickerViewController.xib */; };
		E580F3C92126C740001EF05B /* MobileType.xib in Resources */ = {isa = PBXBuildFile; fileRef = E580F3B22126C73F001EF05B /* MobileType.xib */; };
		E580F3CA2126C740001EF05B /* TimePicker.swift in Sources */ = {isa = PBXBuildFile; fileRef = E580F3B32126C73F001EF05B /* TimePicker.swift */; };
		E580F3CB2126C740001EF05B /* TimePicker.xib in Resources */ = {isa = PBXBuildFile; fileRef = E580F3B42126C73F001EF05B /* TimePicker.xib */; };
		E580F3CC2126C740001EF05B /* CostPicker.xib in Resources */ = {isa = PBXBuildFile; fileRef = E580F3B52126C73F001EF05B /* CostPicker.xib */; };
		E580F3CD2126C740001EF05B /* SizePicker.swift in Sources */ = {isa = PBXBuildFile; fileRef = E580F3B62126C73F001EF05B /* SizePicker.swift */; };
		E580F3CE2126C740001EF05B /* MobileType.swift in Sources */ = {isa = PBXBuildFile; fileRef = E580F3B72126C73F001EF05B /* MobileType.swift */; };
		E580F3CF2126C740001EF05B /* SizePicker.xib in Resources */ = {isa = PBXBuildFile; fileRef = E580F3B82126C73F001EF05B /* SizePicker.xib */; };
		E580F3D02126C740001EF05B /* CostPicker.swift in Sources */ = {isa = PBXBuildFile; fileRef = E580F3B92126C73F001EF05B /* CostPicker.swift */; };
		E580F3D12126C740001EF05B /* DataPickerViewController.swift in Sources */ = {isa = PBXBuildFile; fileRef = E580F3BA2126C73F001EF05B /* DataPickerViewController.swift */; };
		E580F3D22126C740001EF05B /* ParkCell.xib in Resources */ = {isa = PBXBuildFile; fileRef = E580F3BC2126C73F001EF05B /* ParkCell.xib */; };
		E580F3D32126C740001EF05B /* ParkCell.swift in Sources */ = {isa = PBXBuildFile; fileRef = E580F3BD2126C73F001EF05B /* ParkCell.swift */; };
		E580F3D42126C740001EF05B /* ListParksViewController.swift in Sources */ = {isa = PBXBuildFile; fileRef = E580F3BE2126C73F001EF05B /* ListParksViewController.swift */; };
		E580F3D52126C740001EF05B /* DetailParkViewController.swift in Sources */ = {isa = PBXBuildFile; fileRef = E580F3C02126C73F001EF05B /* DetailParkViewController.swift */; };
		E580F3D62126C740001EF05B /* DetailParkViewController.xib in Resources */ = {isa = PBXBuildFile; fileRef = E580F3C12126C73F001EF05B /* DetailParkViewController.xib */; };
		E580F3D82126C75D001EF05B /* GreenExtension+Date.swift in Sources */ = {isa = PBXBuildFile; fileRef = E580F3D72126C75D001EF05B /* GreenExtension+Date.swift */; };
		E58C454120AC160500C493DA /* MyParkListViewController.swift in Sources */ = {isa = PBXBuildFile; fileRef = E58C454020AC160500C493DA /* MyParkListViewController.swift */; };
		E59F063E20AA9FC9008E0DCC /* User.swift in Sources */ = {isa = PBXBuildFile; fileRef = E59F063D20AA9FC9008E0DCC /* User.swift */; };
		E59F83CD212C7217004BD65C /* TPKeyboardAvoidingSwift.framework in Frameworks */ = {isa = PBXBuildFile; fileRef = E59F83CC212C7217004BD65C /* TPKeyboardAvoidingSwift.framework */; };
		E5A4918720844AD800399F5A /* Common.swift in Sources */ = {isa = PBXBuildFile; fileRef = E5A4918620844AD800399F5A /* Common.swift */; };
		E5D301C22096F7CE00CBCFA5 /* ParkManagerViewController.swift in Sources */ = {isa = PBXBuildFile; fileRef = E5D301C12096F7CE00CBCFA5 /* ParkManagerViewController.swift */; };
		E5D301C42096F7F200CBCFA5 /* MapSelectionViewController.swift in Sources */ = {isa = PBXBuildFile; fileRef = E5D301C32096F7F200CBCFA5 /* MapSelectionViewController.swift */; };
		E5DE3A482067382C007C4D1F /* AppDelegate.swift in Sources */ = {isa = PBXBuildFile; fileRef = E5DE3A472067382C007C4D1F /* AppDelegate.swift */; };
		E5DE3A4A2067382C007C4D1F /* ViewController.swift in Sources */ = {isa = PBXBuildFile; fileRef = E5DE3A492067382C007C4D1F /* ViewController.swift */; };
		E5DE3A4D2067382C007C4D1F /* Main.storyboard in Resources */ = {isa = PBXBuildFile; fileRef = E5DE3A4B2067382C007C4D1F /* Main.storyboard */; };
		E5DE3A4F2067382C007C4D1F /* Assets.xcassets in Resources */ = {isa = PBXBuildFile; fileRef = E5DE3A4E2067382C007C4D1F /* Assets.xcassets */; };
		E5DE3A522067382C007C4D1F /* LaunchScreen.storyboard in Resources */ = {isa = PBXBuildFile; fileRef = E5DE3A502067382C007C4D1F /* LaunchScreen.storyboard */; };
		E5DE3A5D20673AF4007C4D1F /* Services.swift in Sources */ = {isa = PBXBuildFile; fileRef = E5DE3A5A20673AF4007C4D1F /* Services.swift */; };
		E5DE3A5E20673AF4007C4D1F /* ServicesConfig.swift in Sources */ = {isa = PBXBuildFile; fileRef = E5DE3A5B20673AF4007C4D1F /* ServicesConfig.swift */; };
		E5DE3A5F20673AF4007C4D1F /* ServicesFunction.swift in Sources */ = {isa = PBXBuildFile; fileRef = E5DE3A5C20673AF4007C4D1F /* ServicesFunction.swift */; };
		E5DE3A6020673B08007C4D1F /* Alamofire.framework in Frameworks */ = {isa = PBXBuildFile; fileRef = E5DE3A6120673B08007C4D1F /* Alamofire.framework */; };
		E5DE3A6420673B76007C4D1F /* Mi.swift in Sources */ = {isa = PBXBuildFile; fileRef = E5DE3A6320673B76007C4D1F /* Mi.swift */; };
		E5DE3A692067439E007C4D1F /* Constant.swift in Sources */ = {isa = PBXBuildFile; fileRef = E5DE3A682067439E007C4D1F /* Constant.swift */; };
		E5DE3A6B206746CE007C4D1F /* GuestViewController.swift in Sources */ = {isa = PBXBuildFile; fileRef = E5DE3A6A206746CE007C4D1F /* GuestViewController.swift */; };
		E5DE3A6D2067473A007C4D1F /* ParkViewController.swift in Sources */ = {isa = PBXBuildFile; fileRef = E5DE3A6C2067473A007C4D1F /* ParkViewController.swift */; };
		E5EFB32E20A1527D00F4AEB9 /* MapTasks.swift in Sources */ = {isa = PBXBuildFile; fileRef = E5EFB32D20A1527D00F4AEB9 /* MapTasks.swift */; };
/* End PBXBuildFile section */

/* Begin PBXCopyFilesBuildPhase section */
		E5ADB93920E803E1005DE111 /* Embed Frameworks */ = {
			isa = PBXCopyFilesBuildPhase;
			buildActionMask = 2147483647;
			dstPath = "";
			dstSubfolderSpec = 10;
			files = (
			);
			name = "Embed Frameworks";
			runOnlyForDeploymentPostprocessing = 0;
		};
/* End PBXCopyFilesBuildPhase section */

/* Begin PBXFileReference section */
		449E63D2DC3251B378E1C6C2 /* Pods_hotmoto.framework */ = {isa = PBXFileReference; explicitFileType = wrapper.framework; includeInIndex = 0; path = Pods_hotmoto.framework; sourceTree = BUILT_PRODUCTS_DIR; };
		730D13D70003136300A50607 /* Pods-hotmoto.debug.xcconfig */ = {isa = PBXFileReference; includeInIndex = 1; lastKnownFileType = text.xcconfig; name = "Pods-hotmoto.debug.xcconfig"; path = "Pods/Target Support Files/Pods-hotmoto/Pods-hotmoto.debug.xcconfig"; sourceTree = "<group>"; };
		D1A6591142D7CFE720FA404E /* Pods-hotmoto.release.xcconfig */ = {isa = PBXFileReference; includeInIndex = 1; lastKnownFileType = text.xcconfig; name = "Pods-hotmoto.release.xcconfig"; path = "Pods/Target Support Files/Pods-hotmoto/Pods-hotmoto.release.xcconfig"; sourceTree = "<group>"; };
		E5212E86207460A600202CC9 /* GreenView.swift */ = {isa = PBXFileReference; fileEncoding = 4; lastKnownFileType = sourcecode.swift; path = GreenView.swift; sourceTree = "<group>"; };
		E530A8B5207760C3006D1454 /* Park.swift */ = {isa = PBXFileReference; lastKnownFileType = sourcecode.swift; path = Park.swift; sourceTree = "<group>"; };
		E530A8B7207766D2006D1454 /* Guest.swift */ = {isa = PBXFileReference; lastKnownFileType = sourcecode.swift; path = Guest.swift; sourceTree = "<group>"; };
		E542786A20F0BDF300C302CE /* InputTextCell.swift */ = {isa = PBXFileReference; lastKnownFileType = sourcecode.swift; path = InputTextCell.swift; sourceTree = "<group>"; };
		E542786B20F0BDF300C302CE /* InputTextCell.xib */ = {isa = PBXFileReference; lastKnownFileType = file.xib; path = InputTextCell.xib; sourceTree = "<group>"; };
		E542A8D5207A194F009DF90E /* README.md */ = {isa = PBXFileReference; fileEncoding = 4; lastKnownFileType = net.daringfireball.markdown; name = README.md; path = ../README.md; sourceTree = "<group>"; };
		E544A17920D944A40029B93E /* libPods-PXGoogleDirections.a */ = {isa = PBXFileReference; explicitFileType = archive.ar; path = "libPods-PXGoogleDirections.a"; sourceTree = BUILT_PRODUCTS_DIR; };
		E54C7E2C2126CDCF00EC5278 /* GoogleMaps.bundle */ = {isa = PBXFileReference; lastKnownFileType = "wrapper.plug-in"; path = GoogleMaps.bundle; sourceTree = "<group>"; };
		E5547BFC20E07E3A0062E83E /* GooglePlaces.swift */ = {isa = PBXFileReference; fileEncoding = 4; lastKnownFileType = sourcecode.swift; path = GooglePlaces.swift; sourceTree = "<group>"; };
		E570172C21045D1B00A29D4B /* GreenExtension+UIColor.swift */ = {isa = PBXFileReference; fileEncoding = 4; lastKnownFileType = sourcecode.swift; path = "GreenExtension+UIColor.swift"; sourceTree = "<group>"; };
		E578B0F120BAFEB100D8F0A9 /* DSCameraHandler.swift */ = {isa = PBXFileReference; fileEncoding = 4; lastKnownFileType = sourcecode.swift; path = DSCameraHandler.swift; sourceTree = "<group>"; };
		E578B0F320BB002900D8F0A9 /* UIViewController+ImagePicker.swift */ = {isa = PBXFileReference; fileEncoding = 4; lastKnownFileType = sourcecode.swift; path = "UIViewController+ImagePicker.swift"; sourceTree = "<group>"; };
		E580F3A82126C73F001EF05B /* InfoItemCell.swift */ = {isa = PBXFileReference; fileEncoding = 4; lastKnownFileType = sourcecode.swift; path = InfoItemCell.swift; sourceTree = "<group>"; };
		E580F3A92126C73F001EF05B /* InfoParkView.xib */ = {isa = PBXFileReference; fileEncoding = 4; lastKnownFileType = file.xib; path = InfoParkView.xib; sourceTree = "<group>"; };
		E580F3AA2126C73F001EF05B /* InfoItemCell.xib */ = {isa = PBXFileReference; fileEncoding = 4; lastKnownFileType = file.xib; path = InfoItemCell.xib; sourceTree = "<group>"; };
		E580F3AB2126C73F001EF05B /* InfoParkView.swift */ = {isa = PBXFileReference; fileEncoding = 4; lastKnownFileType = sourcecode.swift; path = InfoParkView.swift; sourceTree = "<group>"; };
		E580F3AD2126C73F001EF05B /* SlectionBarView.xib */ = {isa = PBXFileReference; fileEncoding = 4; lastKnownFileType = file.xib; path = SlectionBarView.xib; sourceTree = "<group>"; };
		E580F3AE2126C73F001EF05B /* SlectionBarView.swift */ = {isa = PBXFileReference; fileEncoding = 4; lastKnownFileType = sourcecode.swift; path = SlectionBarView.swift; sourceTree = "<group>"; };
		E580F3B02126C73F001EF05B /* DataPickerViewController.xib */ = {isa = PBXFileReference; fileEncoding = 4; lastKnownFileType = file.xib; path = DataPickerViewController.xib; sourceTree = "<group>"; };
		E580F3B22126C73F001EF05B /* MobileType.xib */ = {isa = PBXFileReference; fileEncoding = 4; lastKnownFileType = file.xib; path = MobileType.xib; sourceTree = "<group>"; };
		E580F3B32126C73F001EF05B /* TimePicker.swift */ = {isa = PBXFileReference; fileEncoding = 4; lastKnownFileType = sourcecode.swift; path = TimePicker.swift; sourceTree = "<group>"; };
		E580F3B42126C73F001EF05B /* TimePicker.xib */ = {isa = PBXFileReference; fileEncoding = 4; lastKnownFileType = file.xib; path = TimePicker.xib; sourceTree = "<group>"; };
		E580F3B52126C73F001EF05B /* CostPicker.xib */ = {isa = PBXFileReference; fileEncoding = 4; lastKnownFileType = file.xib; path = CostPicker.xib; sourceTree = "<group>"; };
		E580F3B62126C73F001EF05B /* SizePicker.swift */ = {isa = PBXFileReference; fileEncoding = 4; lastKnownFileType = sourcecode.swift; path = SizePicker.swift; sourceTree = "<group>"; };
		E580F3B72126C73F001EF05B /* MobileType.swift */ = {isa = PBXFileReference; fileEncoding = 4; lastKnownFileType = sourcecode.swift; path = MobileType.swift; sourceTree = "<group>"; };
		E580F3B82126C73F001EF05B /* SizePicker.xib */ = {isa = PBXFileReference; fileEncoding = 4; lastKnownFileType = file.xib; path = SizePicker.xib; sourceTree = "<group>"; };
		E580F3B92126C73F001EF05B /* CostPicker.swift */ = {isa = PBXFileReference; fileEncoding = 4; lastKnownFileType = sourcecode.swift; path = CostPicker.swift; sourceTree = "<group>"; };
		E580F3BA2126C73F001EF05B /* DataPickerViewController.swift */ = {isa = PBXFileReference; fileEncoding = 4; lastKnownFileType = sourcecode.swift; path = DataPickerViewController.swift; sourceTree = "<group>"; };
		E580F3BC2126C73F001EF05B /* ParkCell.xib */ = {isa = PBXFileReference; fileEncoding = 4; lastKnownFileType = file.xib; path = ParkCell.xib; sourceTree = "<group>"; };
		E580F3BD2126C73F001EF05B /* ParkCell.swift */ = {isa = PBXFileReference; fileEncoding = 4; lastKnownFileType = sourcecode.swift; path = ParkCell.swift; sourceTree = "<group>"; };
		E580F3BE2126C73F001EF05B /* ListParksViewController.swift */ = {isa = PBXFileReference; fileEncoding = 4; lastKnownFileType = sourcecode.swift; path = ListParksViewController.swift; sourceTree = "<group>"; };
		E580F3C02126C73F001EF05B /* DetailParkViewController.swift */ = {isa = PBXFileReference; fileEncoding = 4; lastKnownFileType = sourcecode.swift; path = DetailParkViewController.swift; sourceTree = "<group>"; };
		E580F3C12126C73F001EF05B /* DetailParkViewController.xib */ = {isa = PBXFileReference; fileEncoding = 4; lastKnownFileType = file.xib; path = DetailParkViewController.xib; sourceTree = "<group>"; };
		E580F3D72126C75D001EF05B /* GreenExtension+Date.swift */ = {isa = PBXFileReference; fileEncoding = 4; lastKnownFileType = sourcecode.swift; path = "GreenExtension+Date.swift"; sourceTree = "<group>"; };
		E58C454020AC160500C493DA /* MyParkListViewController.swift */ = {isa = PBXFileReference; lastKnownFileType = sourcecode.swift; path = MyParkListViewController.swift; sourceTree = "<group>"; };
		E59F063D20AA9FC9008E0DCC /* User.swift */ = {isa = PBXFileReference; lastKnownFileType = sourcecode.swift; path = User.swift; sourceTree = "<group>"; };
		E59F83CC212C7217004BD65C /* TPKeyboardAvoidingSwift.framework */ = {isa = PBXFileReference; explicitFileType = wrapper.framework; path = TPKeyboardAvoidingSwift.framework; sourceTree = BUILT_PRODUCTS_DIR; };
		E5A4918620844AD800399F5A /* Common.swift */ = {isa = PBXFileReference; lastKnownFileType = sourcecode.swift; path = Common.swift; sourceTree = "<group>"; };
		E5D301C12096F7CE00CBCFA5 /* ParkManagerViewController.swift */ = {isa = PBXFileReference; lastKnownFileType = sourcecode.swift; path = ParkManagerViewController.swift; sourceTree = "<group>"; };
		E5D301C32096F7F200CBCFA5 /* MapSelectionViewController.swift */ = {isa = PBXFileReference; lastKnownFileType = sourcecode.swift; path = MapSelectionViewController.swift; sourceTree = "<group>"; };
		E5DE3A442067382C007C4D1F /* hotmoto.app */ = {isa = PBXFileReference; explicitFileType = wrapper.application; includeInIndex = 0; path = hotmoto.app; sourceTree = BUILT_PRODUCTS_DIR; };
		E5DE3A472067382C007C4D1F /* AppDelegate.swift */ = {isa = PBXFileReference; lastKnownFileType = sourcecode.swift; path = AppDelegate.swift; sourceTree = "<group>"; };
		E5DE3A492067382C007C4D1F /* ViewController.swift */ = {isa = PBXFileReference; lastKnownFileType = sourcecode.swift; path = ViewController.swift; sourceTree = "<group>"; };
		E5DE3A4C2067382C007C4D1F /* Base */ = {isa = PBXFileReference; lastKnownFileType = file.storyboard; name = Base; path = Base.lproj/Main.storyboard; sourceTree = "<group>"; };
		E5DE3A4E2067382C007C4D1F /* Assets.xcassets */ = {isa = PBXFileReference; lastKnownFileType = folder.assetcatalog; path = Assets.xcassets; sourceTree = "<group>"; };
		E5DE3A512067382C007C4D1F /* Base */ = {isa = PBXFileReference; lastKnownFileType = file.storyboard; name = Base; path = Base.lproj/LaunchScreen.storyboard; sourceTree = "<group>"; };
		E5DE3A532067382C007C4D1F /* Info.plist */ = {isa = PBXFileReference; lastKnownFileType = text.plist.xml; path = Info.plist; sourceTree = "<group>"; };
		E5DE3A5A20673AF4007C4D1F /* Services.swift */ = {isa = PBXFileReference; fileEncoding = 4; lastKnownFileType = sourcecode.swift; path = Services.swift; sourceTree = "<group>"; };
		E5DE3A5B20673AF4007C4D1F /* ServicesConfig.swift */ = {isa = PBXFileReference; fileEncoding = 4; lastKnownFileType = sourcecode.swift; path = ServicesConfig.swift; sourceTree = "<group>"; };
		E5DE3A5C20673AF4007C4D1F /* ServicesFunction.swift */ = {isa = PBXFileReference; fileEncoding = 4; lastKnownFileType = sourcecode.swift; path = ServicesFunction.swift; sourceTree = "<group>"; };
		E5DE3A6120673B08007C4D1F /* Alamofire.framework */ = {isa = PBXFileReference; explicitFileType = wrapper.framework; path = Alamofire.framework; sourceTree = BUILT_PRODUCTS_DIR; };
		E5DE3A6320673B76007C4D1F /* Mi.swift */ = {isa = PBXFileReference; fileEncoding = 4; lastKnownFileType = sourcecode.swift; path = Mi.swift; sourceTree = "<group>"; };
		E5DE3A682067439E007C4D1F /* Constant.swift */ = {isa = PBXFileReference; lastKnownFileType = sourcecode.swift; path = Constant.swift; sourceTree = "<group>"; };
		E5DE3A6A206746CE007C4D1F /* GuestViewController.swift */ = {isa = PBXFileReference; lastKnownFileType = sourcecode.swift; path = GuestViewController.swift; sourceTree = "<group>"; };
		E5DE3A6C2067473A007C4D1F /* ParkViewController.swift */ = {isa = PBXFileReference; lastKnownFileType = sourcecode.swift; path = ParkViewController.swift; sourceTree = "<group>"; };
		E5EFB32D20A1527D00F4AEB9 /* MapTasks.swift */ = {isa = PBXFileReference; fileEncoding = 4; lastKnownFileType = sourcecode.swift; path = MapTasks.swift; sourceTree = "<group>"; };
/* End PBXFileReference section */

/* Begin PBXFrameworksBuildPhase section */
		E5DE3A412067382C007C4D1F /* Frameworks */ = {
			isa = PBXFrameworksBuildPhase;
			buildActionMask = 2147483647;
			files = (
				E59F83CD212C7217004BD65C /* TPKeyboardAvoidingSwift.framework in Frameworks */,
				E5DE3A6020673B08007C4D1F /* Alamofire.framework in Frameworks */,
				63D3070FE12BA44A925BFB6E /* Pods_hotmoto.framework in Frameworks */,
			);
			runOnlyForDeploymentPostprocessing = 0;
		};
/* End PBXFrameworksBuildPhase section */

/* Begin PBXGroup section */
		129A165F9D9A0146A8C78D4F /* Pods */ = {
			isa = PBXGroup;
			children = (
				730D13D70003136300A50607 /* Pods-hotmoto.debug.xcconfig */,
				D1A6591142D7CFE720FA404E /* Pods-hotmoto.release.xcconfig */,
			);
			name = Pods;
			sourceTree = "<group>";
		};
		87E58EDCBBDA892AEBB2909F /* Frameworks */ = {
			isa = PBXGroup;
			children = (
				E59F83CC212C7217004BD65C /* TPKeyboardAvoidingSwift.framework */,
				E54C7E2B2126CDCF00EC5278 /* Resources */,
				E544A17920D944A40029B93E /* libPods-PXGoogleDirections.a */,
				E5DE3A6120673B08007C4D1F /* Alamofire.framework */,
				449E63D2DC3251B378E1C6C2 /* Pods_hotmoto.framework */,
			);
			name = Frameworks;
			sourceTree = "<group>";
		};
		E54C7E2B2126CDCF00EC5278 /* Resources */ = {
			isa = PBXGroup;
			children = (
				E54C7E2C2126CDCF00EC5278 /* GoogleMaps.bundle */,
			);
			path = Resources;
			sourceTree = "<group>";
		};
		E570172B21045D0300A29D4B /* Extension */ = {
			isa = PBXGroup;
			children = (
				E580F3D72126C75D001EF05B /* GreenExtension+Date.swift */,
				E570172C21045D1B00A29D4B /* GreenExtension+UIColor.swift */,
			);
			path = Extension;
			sourceTree = "<group>";
		};
		E578B0F020BAFEB100D8F0A9 /* libs */ = {
			isa = PBXGroup;
			children = (
				E578B0F120BAFEB100D8F0A9 /* DSCameraHandler.swift */,
				E578B0F320BB002900D8F0A9 /* UIViewController+ImagePicker.swift */,
			);
			path = libs;
			sourceTree = "<group>";
		};
		E580F3A62126C73F001EF05B /* Custom */ = {
			isa = PBXGroup;
			children = (
				E580F3A72126C73F001EF05B /* InfoPark */,
				E580F3AC2126C73F001EF05B /* SlectionBar */,
				E580F3AF2126C73F001EF05B /* DataPicker */,
				E580F3BB2126C73F001EF05B /* ListParks */,
				E580F3BF2126C73F001EF05B /* DetailPark */,
			);
			path = Custom;
			sourceTree = "<group>";
		};
		E580F3A72126C73F001EF05B /* InfoPark */ = {
			isa = PBXGroup;
			children = (
				E580F3A82126C73F001EF05B /* InfoItemCell.swift */,
				E580F3A92126C73F001EF05B /* InfoParkView.xib */,
				E580F3AA2126C73F001EF05B /* InfoItemCell.xib */,
				E580F3AB2126C73F001EF05B /* InfoParkView.swift */,
			);
			path = InfoPark;
			sourceTree = "<group>";
		};
		E580F3AC2126C73F001EF05B /* SlectionBar */ = {
			isa = PBXGroup;
			children = (
				E580F3AD2126C73F001EF05B /* SlectionBarView.xib */,
				E580F3AE2126C73F001EF05B /* SlectionBarView.swift */,
			);
			path = SlectionBar;
			sourceTree = "<group>";
		};
		E580F3AF2126C73F001EF05B /* DataPicker */ = {
			isa = PBXGroup;
			children = (
				E580F3B02126C73F001EF05B /* DataPickerViewController.xib */,
				E580F3B12126C73F001EF05B /* Pickers */,
				E580F3BA2126C73F001EF05B /* DataPickerViewController.swift */,
			);
			path = DataPicker;
			sourceTree = "<group>";
		};
		E580F3B12126C73F001EF05B /* Pickers */ = {
			isa = PBXGroup;
			children = (
				E580F3B22126C73F001EF05B /* MobileType.xib */,
				E580F3B32126C73F001EF05B /* TimePicker.swift */,
				E580F3B42126C73F001EF05B /* TimePicker.xib */,
				E580F3B52126C73F001EF05B /* CostPicker.xib */,
				E580F3B62126C73F001EF05B /* SizePicker.swift */,
				E580F3B72126C73F001EF05B /* MobileType.swift */,
				E580F3B82126C73F001EF05B /* SizePicker.xib */,
				E580F3B92126C73F001EF05B /* CostPicker.swift */,
			);
			path = Pickers;
			sourceTree = "<group>";
		};
		E580F3BB2126C73F001EF05B /* ListParks */ = {
			isa = PBXGroup;
			children = (
				E580F3BC2126C73F001EF05B /* ParkCell.xib */,
				E580F3BD2126C73F001EF05B /* ParkCell.swift */,
				E580F3BE2126C73F001EF05B /* ListParksViewController.swift */,
			);
			path = ListParks;
			sourceTree = "<group>";
		};
		E580F3BF2126C73F001EF05B /* DetailPark */ = {
			isa = PBXGroup;
			children = (
				E580F3C02126C73F001EF05B /* DetailParkViewController.swift */,
				E580F3C12126C73F001EF05B /* DetailParkViewController.xib */,
			);
			path = DetailPark;
			sourceTree = "<group>";
		};
		E5DE3A3B2067382C007C4D1F = {
			isa = PBXGroup;
			children = (
				E542A8D5207A194F009DF90E /* README.md */,
				E570172B21045D0300A29D4B /* Extension */,
				E578B0F020BAFEB100D8F0A9 /* libs */,
				E5DE3A6720674197007C4D1F /* common */,
				E5DE3A6220673B6B007C4D1F /* models */,
				E5DE3A5920673AF4007C4D1F /* Sevices */,
				E5DE3A462067382C007C4D1F /* hotmoto */,
				E5DE3A452067382C007C4D1F /* Products */,
				129A165F9D9A0146A8C78D4F /* Pods */,
				87E58EDCBBDA892AEBB2909F /* Frameworks */,
			);
			sourceTree = "<group>";
		};
		E5DE3A452067382C007C4D1F /* Products */ = {
			isa = PBXGroup;
			children = (
				E5DE3A442067382C007C4D1F /* hotmoto.app */,
			);
			name = Products;
			sourceTree = "<group>";
		};
		E5DE3A462067382C007C4D1F /* hotmoto */ = {
			isa = PBXGroup;
			children = (
				E580F3A62126C73F001EF05B /* Custom */,
				E5DE3A6520673E0C007C4D1F /* Guest */,
				E5DE3A6620673E0C007C4D1F /* Parking */,
				E5DE3A472067382C007C4D1F /* AppDelegate.swift */,
				E5DE3A492067382C007C4D1F /* ViewController.swift */,
				E5DE3A4B2067382C007C4D1F /* Main.storyboard */,
				E5DE3A4E2067382C007C4D1F /* Assets.xcassets */,
				E5DE3A502067382C007C4D1F /* LaunchScreen.storyboard */,
				E5DE3A532067382C007C4D1F /* Info.plist */,
			);
			path = hotmoto;
			sourceTree = "<group>";
		};
		E5DE3A5920673AF4007C4D1F /* Sevices */ = {
			isa = PBXGroup;
			children = (
				E5DE3A5A20673AF4007C4D1F /* Services.swift */,
				E5DE3A5B20673AF4007C4D1F /* ServicesConfig.swift */,
				E5DE3A5C20673AF4007C4D1F /* ServicesFunction.swift */,
			);
			name = Sevices;
			path = hotmoto/Sevices;
			sourceTree = "<group>";
		};
		E5DE3A6220673B6B007C4D1F /* models */ = {
			isa = PBXGroup;
			children = (
				E5DE3A6320673B76007C4D1F /* Mi.swift */,
				E530A8B5207760C3006D1454 /* Park.swift */,
				E530A8B7207766D2006D1454 /* Guest.swift */,
				E59F063D20AA9FC9008E0DCC /* User.swift */,
			);
			path = models;
			sourceTree = "<group>";
		};
		E5DE3A6520673E0C007C4D1F /* Guest */ = {
			isa = PBXGroup;
			children = (
				E5DE3A6A206746CE007C4D1F /* GuestViewController.swift */,
			);
			path = Guest;
			sourceTree = "<group>";
		};
		E5DE3A6620673E0C007C4D1F /* Parking */ = {
			isa = PBXGroup;
			children = (
				E5DE3A6C2067473A007C4D1F /* ParkViewController.swift */,
				E5D301C12096F7CE00CBCFA5 /* ParkManagerViewController.swift */,
				E5D301C32096F7F200CBCFA5 /* MapSelectionViewController.swift */,
				E58C454020AC160500C493DA /* MyParkListViewController.swift */,
				E542786A20F0BDF300C302CE /* InputTextCell.swift */,
				E542786B20F0BDF300C302CE /* InputTextCell.xib */,
			);
			path = Parking;
			sourceTree = "<group>";
		};
		E5DE3A6720674197007C4D1F /* common */ = {
			isa = PBXGroup;
			children = (
				E5547BFC20E07E3A0062E83E /* GooglePlaces.swift */,
				E5EFB32D20A1527D00F4AEB9 /* MapTasks.swift */,
				E5212E86207460A600202CC9 /* GreenView.swift */,
				E5A4918620844AD800399F5A /* Common.swift */,
				E5DE3A682067439E007C4D1F /* Constant.swift */,
			);
			path = common;
			sourceTree = "<group>";
		};
/* End PBXGroup section */

/* Begin PBXNativeTarget section */
		E5DE3A432067382C007C4D1F /* hotmoto */ = {
			isa = PBXNativeTarget;
			buildConfigurationList = E5DE3A562067382C007C4D1F /* Build configuration list for PBXNativeTarget "hotmoto" */;
			buildPhases = (
				455C4A4BF197908E27BBD933 /* [CP] Check Pods Manifest.lock */,
				E5DE3A402067382C007C4D1F /* Sources */,
				E5DE3A412067382C007C4D1F /* Frameworks */,
				E5DE3A422067382C007C4D1F /* Resources */,
				D111D0ECE8A031139F914F2C /* [CP] Embed Pods Frameworks */,
				E5ADB93920E803E1005DE111 /* Embed Frameworks */,
			);
			buildRules = (
			);
			dependencies = (
			);
			name = hotmoto;
			productName = hotmoto;
			productReference = E5DE3A442067382C007C4D1F /* hotmoto.app */;
			productType = "com.apple.product-type.application";
		};
/* End PBXNativeTarget section */

/* Begin PBXProject section */
		E5DE3A3C2067382C007C4D1F /* Project object */ = {
			isa = PBXProject;
			attributes = {
				LastSwiftUpdateCheck = 0920;
				LastUpgradeCheck = 0920;
				ORGANIZATIONNAME = Huy;
				TargetAttributes = {
					E5DE3A432067382C007C4D1F = {
						CreatedOnToolsVersion = 9.2;
						ProvisioningStyle = Manual;
					};
				};
			};
			buildConfigurationList = E5DE3A3F2067382C007C4D1F /* Build configuration list for PBXProject "hotmoto" */;
			compatibilityVersion = "Xcode 8.0";
			developmentRegion = en;
			hasScannedForEncodings = 0;
			knownRegions = (
				en,
				Base,
			);
			mainGroup = E5DE3A3B2067382C007C4D1F;
			productRefGroup = E5DE3A452067382C007C4D1F /* Products */;
			projectDirPath = "";
			projectRoot = "";
			targets = (
				E5DE3A432067382C007C4D1F /* hotmoto */,
			);
		};
/* End PBXProject section */

/* Begin PBXResourcesBuildPhase section */
		E5DE3A422067382C007C4D1F /* Resources */ = {
			isa = PBXResourcesBuildPhase;
			buildActionMask = 2147483647;
			files = (
				E580F3CB2126C740001EF05B /* TimePicker.xib in Resources */,
				E580F3C42126C73F001EF05B /* InfoItemCell.xib in Resources */,
				E542786D20F0BDF300C302CE /* InputTextCell.xib in Resources */,
				E542A8D6207A194F009DF90E /* README.md in Resources */,
				E580F3C32126C73F001EF05B /* InfoParkView.xib in Resources */,
				E5DE3A522067382C007C4D1F /* LaunchScreen.storyboard in Resources */,
				E580F3CC2126C740001EF05B /* CostPicker.xib in Resources */,
				E54C7E2D2126CDCF00EC5278 /* GoogleMaps.bundle in Resources */,
				E580F3C92126C740001EF05B /* MobileType.xib in Resources */,
				E580F3CF2126C740001EF05B /* SizePicker.xib in Resources */,
				E580F3C82126C740001EF05B /* DataPickerViewController.xib in Resources */,
				E5DE3A4F2067382C007C4D1F /* Assets.xcassets in Resources */,
				E580F3C62126C740001EF05B /* SlectionBarView.xib in Resources */,
				E580F3D22126C740001EF05B /* ParkCell.xib in Resources */,
				E5DE3A4D2067382C007C4D1F /* Main.storyboard in Resources */,
				E580F3D62126C740001EF05B /* DetailParkViewController.xib in Resources */,
			);
			runOnlyForDeploymentPostprocessing = 0;
		};
/* End PBXResourcesBuildPhase section */

/* Begin PBXShellScriptBuildPhase section */
		455C4A4BF197908E27BBD933 /* [CP] Check Pods Manifest.lock */ = {
			isa = PBXShellScriptBuildPhase;
			buildActionMask = 2147483647;
			files = (
			);
			inputPaths = (
				"${PODS_PODFILE_DIR_PATH}/Podfile.lock",
				"${PODS_ROOT}/Manifest.lock",
			);
			name = "[CP] Check Pods Manifest.lock";
			outputPaths = (
				"$(DERIVED_FILE_DIR)/Pods-hotmoto-checkManifestLockResult.txt",
			);
			runOnlyForDeploymentPostprocessing = 0;
			shellPath = /bin/sh;
			shellScript = "diff \"${PODS_PODFILE_DIR_PATH}/Podfile.lock\" \"${PODS_ROOT}/Manifest.lock\" > /dev/null\nif [ $? != 0 ] ; then\n    # print error to STDERR\n    echo \"error: The sandbox is not in sync with the Podfile.lock. Run 'pod install' or update your CocoaPods installation.\" >&2\n    exit 1\nfi\n# This output is used by Xcode 'outputs' to avoid re-running this script phase.\necho \"SUCCESS\" > \"${SCRIPT_OUTPUT_FILE_0}\"\n";
			showEnvVarsInLog = 0;
		};
		D111D0ECE8A031139F914F2C /* [CP] Embed Pods Frameworks */ = {
			isa = PBXShellScriptBuildPhase;
			buildActionMask = 2147483647;
			files = (
			);
			inputPaths = (
				"${SRCROOT}/Pods/Target Support Files/Pods-hotmoto/Pods-hotmoto-frameworks.sh",
				"${BUILT_PRODUCTS_DIR}/Alamofire/Alamofire.framework",
				"${BUILT_PRODUCTS_DIR}/AlamofireImage/AlamofireImage.framework",
				"${BUILT_PRODUCTS_DIR}/Cloudinary/Cloudinary.framework",
				"${BUILT_PRODUCTS_DIR}/TPKeyboardAvoidingSwift/TPKeyboardAvoidingSwift.framework",
			);
			name = "[CP] Embed Pods Frameworks";
			outputPaths = (
				"${TARGET_BUILD_DIR}/${FRAMEWORKS_FOLDER_PATH}/Alamofire.framework",
				"${TARGET_BUILD_DIR}/${FRAMEWORKS_FOLDER_PATH}/AlamofireImage.framework",
				"${TARGET_BUILD_DIR}/${FRAMEWORKS_FOLDER_PATH}/Cloudinary.framework",
				"${TARGET_BUILD_DIR}/${FRAMEWORKS_FOLDER_PATH}/TPKeyboardAvoidingSwift.framework",
			);
			runOnlyForDeploymentPostprocessing = 0;
			shellPath = /bin/sh;
			shellScript = "\"${SRCROOT}/Pods/Target Support Files/Pods-hotmoto/Pods-hotmoto-frameworks.sh\"\n";
			showEnvVarsInLog = 0;
		};
/* End PBXShellScriptBuildPhase section */

/* Begin PBXSourcesBuildPhase section */
		E5DE3A402067382C007C4D1F /* Sources */ = {
			isa = PBXSourcesBuildPhase;
			buildActionMask = 2147483647;
			files = (
				E5A4918720844AD800399F5A /* Common.swift in Sources */,
				E5EFB32E20A1527D00F4AEB9 /* MapTasks.swift in Sources */,
				E580F3D42126C740001EF05B /* ListParksViewController.swift in Sources */,
				E5DE3A6D2067473A007C4D1F /* ParkViewController.swift in Sources */,
				E580F3D02126C740001EF05B /* CostPicker.swift in Sources */,
				E530A8B6207760C3006D1454 /* Park.swift in Sources */,
				E5DE3A4A2067382C007C4D1F /* ViewController.swift in Sources */,
				E580F3D52126C740001EF05B /* DetailParkViewController.swift in Sources */,
				E5DE3A692067439E007C4D1F /* Constant.swift in Sources */,
				E578B0F420BB002900D8F0A9 /* UIViewController+ImagePicker.swift in Sources */,
				E580F3D12126C740001EF05B /* DataPickerViewController.swift in Sources */,
				E580F3D82126C75D001EF05B /* GreenExtension+Date.swift in Sources */,
				E58C454120AC160500C493DA /* MyParkListViewController.swift in Sources */,
				E580F3C22126C73F001EF05B /* InfoItemCell.swift in Sources */,
				E530A8B8207766D2006D1454 /* Guest.swift in Sources */,
				E580F3C72126C740001EF05B /* SlectionBarView.swift in Sources */,
				E5DE3A5E20673AF4007C4D1F /* ServicesConfig.swift in Sources */,
				E570172D21045D1B00A29D4B /* GreenExtension+UIColor.swift in Sources */,
				E5547BFE20E07E3A0062E83E /* GooglePlaces.swift in Sources */,
				E5DE3A6B206746CE007C4D1F /* GuestViewController.swift in Sources */,
				E5212E87207460A600202CC9 /* GreenView.swift in Sources */,
				E580F3CE2126C740001EF05B /* MobileType.swift in Sources */,
				E542786C20F0BDF300C302CE /* InputTextCell.swift in Sources */,
				E5DE3A5F20673AF4007C4D1F /* ServicesFunction.swift in Sources */,
				E580F3D32126C740001EF05B /* ParkCell.swift in Sources */,
				E5D301C42096F7F200CBCFA5 /* MapSelectionViewController.swift in Sources */,
				E578B0F220BAFEB100D8F0A9 /* DSCameraHandler.swift in Sources */,
				E580F3CA2126C740001EF05B /* TimePicker.swift in Sources */,
				E5DE3A5D20673AF4007C4D1F /* Services.swift in Sources */,
				E5DE3A482067382C007C4D1F /* AppDelegate.swift in Sources */,
				E5D301C22096F7CE00CBCFA5 /* ParkManagerViewController.swift in Sources */,
				E580F3CD2126C740001EF05B /* SizePicker.swift in Sources */,
				E5DE3A6420673B76007C4D1F /* Mi.swift in Sources */,
				E580F3C52126C740001EF05B /* InfoParkView.swift in Sources */,
				E59F063E20AA9FC9008E0DCC /* User.swift in Sources */,
			);
			runOnlyForDeploymentPostprocessing = 0;
		};
/* End PBXSourcesBuildPhase section */

/* Begin PBXVariantGroup section */
		E5DE3A4B2067382C007C4D1F /* Main.storyboard */ = {
			isa = PBXVariantGroup;
			children = (
				E5DE3A4C2067382C007C4D1F /* Base */,
			);
			name = Main.storyboard;
			sourceTree = "<group>";
		};
		E5DE3A502067382C007C4D1F /* LaunchScreen.storyboard */ = {
			isa = PBXVariantGroup;
			children = (
				E5DE3A512067382C007C4D1F /* Base */,
			);
			name = LaunchScreen.storyboard;
			sourceTree = "<group>";
		};
/* End PBXVariantGroup section */

/* Begin XCBuildConfiguration section */
		E5DE3A542067382C007C4D1F /* Debug */ = {
			isa = XCBuildConfiguration;
			buildSettings = {
				ALWAYS_SEARCH_USER_PATHS = NO;
				CLANG_ANALYZER_NONNULL = YES;
				CLANG_ANALYZER_NUMBER_OBJECT_CONVERSION = YES_AGGRESSIVE;
				CLANG_CXX_LANGUAGE_STANDARD = "gnu++14";
				CLANG_CXX_LIBRARY = "libc++";
				CLANG_ENABLE_MODULES = YES;
				CLANG_ENABLE_OBJC_ARC = YES;
				CLANG_WARN_BLOCK_CAPTURE_AUTORELEASING = YES;
				CLANG_WARN_BOOL_CONVERSION = YES;
				CLANG_WARN_COMMA = YES;
				CLANG_WARN_CONSTANT_CONVERSION = YES;
				CLANG_WARN_DIRECT_OBJC_ISA_USAGE = YES_ERROR;
				CLANG_WARN_DOCUMENTATION_COMMENTS = YES;
				CLANG_WARN_EMPTY_BODY = YES;
				CLANG_WARN_ENUM_CONVERSION = YES;
				CLANG_WARN_INFINITE_RECURSION = YES;
				CLANG_WARN_INT_CONVERSION = YES;
				CLANG_WARN_NON_LITERAL_NULL_CONVERSION = YES;
				CLANG_WARN_OBJC_LITERAL_CONVERSION = YES;
				CLANG_WARN_OBJC_ROOT_CLASS = YES_ERROR;
				CLANG_WARN_RANGE_LOOP_ANALYSIS = YES;
				CLANG_WARN_STRICT_PROTOTYPES = YES;
				CLANG_WARN_SUSPICIOUS_MOVE = YES;
				CLANG_WARN_UNGUARDED_AVAILABILITY = YES_AGGRESSIVE;
				CLANG_WARN_UNREACHABLE_CODE = YES;
				CLANG_WARN__DUPLICATE_METHOD_MATCH = YES;
				CODE_SIGN_IDENTITY = "iPhone Developer";
				COPY_PHASE_STRIP = NO;
				DEBUG_INFORMATION_FORMAT = dwarf;
				ENABLE_STRICT_OBJC_MSGSEND = YES;
				ENABLE_TESTABILITY = YES;
				GCC_C_LANGUAGE_STANDARD = gnu11;
				GCC_DYNAMIC_NO_PIC = NO;
				GCC_NO_COMMON_BLOCKS = YES;
				GCC_OPTIMIZATION_LEVEL = 0;
				GCC_PREPROCESSOR_DEFINITIONS = (
					"DEBUG=1",
					"$(inherited)",
				);
				GCC_WARN_64_TO_32_BIT_CONVERSION = YES;
				GCC_WARN_ABOUT_RETURN_TYPE = YES_ERROR;
				GCC_WARN_UNDECLARED_SELECTOR = YES;
				GCC_WARN_UNINITIALIZED_AUTOS = YES_AGGRESSIVE;
				GCC_WARN_UNUSED_FUNCTION = YES;
				GCC_WARN_UNUSED_VARIABLE = YES;
				IPHONEOS_DEPLOYMENT_TARGET = 10.0;
				MTL_ENABLE_DEBUG_INFO = YES;
				ONLY_ACTIVE_ARCH = YES;
				SDKROOT = iphoneos;
				SWIFT_ACTIVE_COMPILATION_CONDITIONS = DEBUG;
				SWIFT_OPTIMIZATION_LEVEL = "-Onone";
			};
			name = Debug;
		};
		E5DE3A552067382C007C4D1F /* Release */ = {
			isa = XCBuildConfiguration;
			buildSettings = {
				ALWAYS_SEARCH_USER_PATHS = NO;
				CLANG_ANALYZER_NONNULL = YES;
				CLANG_ANALYZER_NUMBER_OBJECT_CONVERSION = YES_AGGRESSIVE;
				CLANG_CXX_LANGUAGE_STANDARD = "gnu++14";
				CLANG_CXX_LIBRARY = "libc++";
				CLANG_ENABLE_MODULES = YES;
				CLANG_ENABLE_OBJC_ARC = YES;
				CLANG_WARN_BLOCK_CAPTURE_AUTORELEASING = YES;
				CLANG_WARN_BOOL_CONVERSION = YES;
				CLANG_WARN_COMMA = YES;
				CLANG_WARN_CONSTANT_CONVERSION = YES;
				CLANG_WARN_DIRECT_OBJC_ISA_USAGE = YES_ERROR;
				CLANG_WARN_DOCUMENTATION_COMMENTS = YES;
				CLANG_WARN_EMPTY_BODY = YES;
				CLANG_WARN_ENUM_CONVERSION = YES;
				CLANG_WARN_INFINITE_RECURSION = YES;
				CLANG_WARN_INT_CONVERSION = YES;
				CLANG_WARN_NON_LITERAL_NULL_CONVERSION = YES;
				CLANG_WARN_OBJC_LITERAL_CONVERSION = YES;
				CLANG_WARN_OBJC_ROOT_CLASS = YES_ERROR;
				CLANG_WARN_RANGE_LOOP_ANALYSIS = YES;
				CLANG_WARN_STRICT_PROTOTYPES = YES;
				CLANG_WARN_SUSPICIOUS_MOVE = YES;
				CLANG_WARN_UNGUARDED_AVAILABILITY = YES_AGGRESSIVE;
				CLANG_WARN_UNREACHABLE_CODE = YES;
				CLANG_WARN__DUPLICATE_METHOD_MATCH = YES;
				CODE_SIGN_IDENTITY = "iPhone Developer";
				COPY_PHASE_STRIP = NO;
				DEBUG_INFORMATION_FORMAT = "dwarf-with-dsym";
				ENABLE_NS_ASSERTIONS = NO;
				ENABLE_STRICT_OBJC_MSGSEND = YES;
				GCC_C_LANGUAGE_STANDARD = gnu11;
				GCC_NO_COMMON_BLOCKS = YES;
				GCC_WARN_64_TO_32_BIT_CONVERSION = YES;
				GCC_WARN_ABOUT_RETURN_TYPE = YES_ERROR;
				GCC_WARN_UNDECLARED_SELECTOR = YES;
				GCC_WARN_UNINITIALIZED_AUTOS = YES_AGGRESSIVE;
				GCC_WARN_UNUSED_FUNCTION = YES;
				GCC_WARN_UNUSED_VARIABLE = YES;
				IPHONEOS_DEPLOYMENT_TARGET = 10.0;
				MTL_ENABLE_DEBUG_INFO = NO;
				SDKROOT = iphoneos;
				SWIFT_OPTIMIZATION_LEVEL = "-Owholemodule";
				VALIDATE_PRODUCT = YES;
			};
			name = Release;
		};
		E5DE3A572067382C007C4D1F /* Debug */ = {
			isa = XCBuildConfiguration;
			baseConfigurationReference = 730D13D70003136300A50607 /* Pods-hotmoto.debug.xcconfig */;
			buildSettings = {
				ASSETCATALOG_COMPILER_APPICON_NAME = AppIcon;
				CODE_SIGN_STYLE = Manual;
				DEVELOPMENT_TEAM = 5779D9JCS3;
				ENABLE_BITCODE = YES;
				FRAMEWORK_SEARCH_PATHS = (
					"$(inherited)",
					"$(PROJECT_DIR)/Carthage/Build/iOS",
					"$(PROJECT_DIR)/Pods/PXGoogleDirections/Dependencies",
				);
				INFOPLIST_FILE = hotmoto/Info.plist;
				IPHONEOS_DEPLOYMENT_TARGET = 10.0;
				LD_RUNPATH_SEARCH_PATHS = "$(inherited) @executable_path/Frameworks";
				PRODUCT_BUNDLE_IDENTIFIER = com.nhatcuongpublic.hotmoto;
				PRODUCT_NAME = "$(TARGET_NAME)";
				PROVISIONING_PROFILE = "ceac3eff-449b-41b3-987b-220cc75be608";
				PROVISIONING_PROFILE_SPECIFIER = NHATCUONG_PUBLIC_PROVISIONING;
				SWIFT_VERSION = 4.0;
				TARGETED_DEVICE_FAMILY = "1,2";
			};
			name = Debug;
		};
		E5DE3A582067382C007C4D1F /* Release */ = {
			isa = XCBuildConfiguration;
			baseConfigurationReference = D1A6591142D7CFE720FA404E /* Pods-hotmoto.release.xcconfig */;
			buildSettings = {
				ASSETCATALOG_COMPILER_APPICON_NAME = AppIcon;
				CODE_SIGN_STYLE = Manual;
				DEVELOPMENT_TEAM = 5779D9JCS3;
				ENABLE_BITCODE = YES;
				FRAMEWORK_SEARCH_PATHS = (
					"$(inherited)",
					"$(PROJECT_DIR)/Carthage/Build/iOS",
					"$(PROJECT_DIR)/Pods/PXGoogleDirections/Dependencies",
				);
				INFOPLIST_FILE = hotmoto/Info.plist;
				IPHONEOS_DEPLOYMENT_TARGET = 10.0;
				LD_RUNPATH_SEARCH_PATHS = "$(inherited) @executable_path/Frameworks";
				PRODUCT_BUNDLE_IDENTIFIER = com.nhatcuongpublic.hotmoto;
				PRODUCT_NAME = "$(TARGET_NAME)";
				PROVISIONING_PROFILE = "3f4dbf0b-8827-46fe-820e-0f0a7f092510";
				PROVISIONING_PROFILE_SPECIFIER = NHATCUONG_PUBLIC_PROVISIONING;
				SWIFT_VERSION = 4.0;
				TARGETED_DEVICE_FAMILY = "1,2";
			};
			name = Release;
		};
/* End XCBuildConfiguration section */

/* Begin XCConfigurationList section */
		E5DE3A3F2067382C007C4D1F /* Build configuration list for PBXProject "hotmoto" */ = {
			isa = XCConfigurationList;
			buildConfigurations = (
				E5DE3A542067382C007C4D1F /* Debug */,
				E5DE3A552067382C007C4D1F /* Release */,
			);
			defaultConfigurationIsVisible = 0;
			defaultConfigurationName = Release;
		};
		E5DE3A562067382C007C4D1F /* Build configuration list for PBXNativeTarget "hotmoto" */ = {
			isa = XCConfigurationList;
			buildConfigurations = (
				E5DE3A572067382C007C4D1F /* Debug */,
				E5DE3A582067382C007C4D1F /* Release */,
			);
			defaultConfigurationIsVisible = 0;
			defaultConfigurationName = Release;
		};
/* End XCConfigurationList section */
	};
	rootObject = E5DE3A3C2067382C007C4D1F /* Project object */;
}
