// !$*UTF8*$!
{
	archiveVersion = 1;
	classes = {
	};
	objectVersion = 48;
	objects = {

/* Begin PBXBuildFile section */
		63D3070FE12BA44A925BFB6E /* Pods_hotmoto.framework in Frameworks */ = {isa = PBXBuildFile; fileRef = 449E63D2DC3251B378E1C6C2 /* Pods_hotmoto.framework */; };
		E507F59C20889C8A00503089 /* ParkCell.swift in Sources */ = {isa = PBXBuildFile; fileRef = E507F59A20889C8A00503089 /* ParkCell.swift */; };
		E507F59D20889C8A00503089 /* ParkCell.xib in Resources */ = {isa = PBXBuildFile; fileRef = E507F59B20889C8A00503089 /* ParkCell.xib */; };
		E5212E87207460A600202CC9 /* GreenView.swift in Sources */ = {isa = PBXBuildFile; fileRef = E5212E86207460A600202CC9 /* GreenView.swift */; };
		E5212E8A2074717300202CC9 /* ListParksViewController.swift in Sources */ = {isa = PBXBuildFile; fileRef = E5212E882074717300202CC9 /* ListParksViewController.swift */; };
		E525D19A20727CEC009315A8 /* InfoParkView.swift in Sources */ = {isa = PBXBuildFile; fileRef = E525D19920727CEC009315A8 /* InfoParkView.swift */; };
		E525D19D20727D13009315A8 /* DetailParkViewController.swift in Sources */ = {isa = PBXBuildFile; fileRef = E525D19B20727D13009315A8 /* DetailParkViewController.swift */; };
		E525D19E20727D13009315A8 /* DetailParkViewController.xib in Resources */ = {isa = PBXBuildFile; fileRef = E525D19C20727D13009315A8 /* DetailParkViewController.xib */; };
		E525D1A020727D23009315A8 /* InfoParkView.xib in Resources */ = {isa = PBXBuildFile; fileRef = E525D19F20727D23009315A8 /* InfoParkView.xib */; };
		E530A8B6207760C3006D1454 /* Park.swift in Sources */ = {isa = PBXBuildFile; fileRef = E530A8B5207760C3006D1454 /* Park.swift */; };
		E530A8B8207766D2006D1454 /* Guest.swift in Sources */ = {isa = PBXBuildFile; fileRef = E530A8B7207766D2006D1454 /* Guest.swift */; };
		E542A8D6207A194F009DF90E /* README.md in Resources */ = {isa = PBXBuildFile; fileRef = E542A8D5207A194F009DF90E /* README.md */; };
		E5A4918720844AD800399F5A /* Common.swift in Sources */ = {isa = PBXBuildFile; fileRef = E5A4918620844AD800399F5A /* Common.swift */; };
		E5D301C22096F7CE00CBCFA5 /* ParkManagerViewController.swift in Sources */ = {isa = PBXBuildFile; fileRef = E5D301C12096F7CE00CBCFA5 /* ParkManagerViewController.swift */; };
		E5D301C42096F7F200CBCFA5 /* MapSelectionViewController.swift in Sources */ = {isa = PBXBuildFile; fileRef = E5D301C32096F7F200CBCFA5 /* MapSelectionViewController.swift */; };
		E5DE3A482067382C007C4D1F /* AppDelegate.swift in Sources */ = {isa = PBXBuildFile; fileRef = E5DE3A472067382C007C4D1F /* AppDelegate.swift */; };
		E5DE3A4A2067382C007C4D1F /* ViewController.swift in Sources */ = {isa = PBXBuildFile; fileRef = E5DE3A492067382C007C4D1F /* ViewController.swift */; };
		E5DE3A4D2067382C007C4D1F /* Main.storyboard in Resources */ = {isa = PBXBuildFile; fileRef = E5DE3A4B2067382C007C4D1F /* Main.storyboard */; };
		E5DE3A4F2067382C007C4D1F /* Assets.xcassets in Resources */ = {isa = PBXBuildFile; fileRef = E5DE3A4E2067382C007C4D1F /* Assets.xcassets */; };
		E5DE3A522067382C007C4D1F /* LaunchScreen.storyboard in Resources */ = {isa = PBXBuildFile; fileRef = E5DE3A502067382C007C4D1F /* LaunchScreen.storyboard */; };
		E5DE3A5D20673AF4007C4D1F /* Services.swift in Sources */ = {isa = PBXBuildFile; fileRef = E5DE3A5A20673AF4007C4D1F /* Services.swift */; };
		E5DE3A5E20673AF4007C4D1F /* ServicesConfig.swift in Sources */ = {isa = PBXBuildFile; fileRef = E5DE3A5B20673AF4007C4D1F /* ServicesConfig.swift */; };
		E5DE3A5F20673AF4007C4D1F /* ServicesFunction.swift in Sources */ = {isa = PBXBuildFile; fileRef = E5DE3A5C20673AF4007C4D1F /* ServicesFunction.swift */; };
		E5DE3A6020673B08007C4D1F /* Alamofire.framework in Frameworks */ = {isa = PBXBuildFile; fileRef = E5DE3A6120673B08007C4D1F /* Alamofire.framework */; };
		E5DE3A6420673B76007C4D1F /* Mi.swift in Sources */ = {isa = PBXBuildFile; fileRef = E5DE3A6320673B76007C4D1F /* Mi.swift */; };
		E5DE3A692067439E007C4D1F /* constant.swift in Sources */ = {isa = PBXBuildFile; fileRef = E5DE3A682067439E007C4D1F /* constant.swift */; };
		E5DE3A6B206746CE007C4D1F /* GuestViewController.swift in Sources */ = {isa = PBXBuildFile; fileRef = E5DE3A6A206746CE007C4D1F /* GuestViewController.swift */; };
		E5DE3A6D2067473A007C4D1F /* ParkViewController.swift in Sources */ = {isa = PBXBuildFile; fileRef = E5DE3A6C2067473A007C4D1F /* ParkViewController.swift */; };
/* End PBXBuildFile section */

/* Begin PBXFileReference section */
		449E63D2DC3251B378E1C6C2 /* Pods_hotmoto.framework */ = {isa = PBXFileReference; explicitFileType = wrapper.framework; includeInIndex = 0; path = Pods_hotmoto.framework; sourceTree = BUILT_PRODUCTS_DIR; };
		730D13D70003136300A50607 /* Pods-hotmoto.debug.xcconfig */ = {isa = PBXFileReference; includeInIndex = 1; lastKnownFileType = text.xcconfig; name = "Pods-hotmoto.debug.xcconfig"; path = "Pods/Target Support Files/Pods-hotmoto/Pods-hotmoto.debug.xcconfig"; sourceTree = "<group>"; };
		D1A6591142D7CFE720FA404E /* Pods-hotmoto.release.xcconfig */ = {isa = PBXFileReference; includeInIndex = 1; lastKnownFileType = text.xcconfig; name = "Pods-hotmoto.release.xcconfig"; path = "Pods/Target Support Files/Pods-hotmoto/Pods-hotmoto.release.xcconfig"; sourceTree = "<group>"; };
		E507F59A20889C8A00503089 /* ParkCell.swift */ = {isa = PBXFileReference; lastKnownFileType = sourcecode.swift; path = ParkCell.swift; sourceTree = "<group>"; };
		E507F59B20889C8A00503089 /* ParkCell.xib */ = {isa = PBXFileReference; lastKnownFileType = file.xib; path = ParkCell.xib; sourceTree = "<group>"; };
		E5212E86207460A600202CC9 /* GreenView.swift */ = {isa = PBXFileReference; fileEncoding = 4; lastKnownFileType = sourcecode.swift; path = GreenView.swift; sourceTree = "<group>"; };
		E5212E882074717300202CC9 /* ListParksViewController.swift */ = {isa = PBXFileReference; lastKnownFileType = sourcecode.swift; path = ListParksViewController.swift; sourceTree = "<group>"; };
		E525D19920727CEC009315A8 /* InfoParkView.swift */ = {isa = PBXFileReference; lastKnownFileType = sourcecode.swift; path = InfoParkView.swift; sourceTree = "<group>"; };
		E525D19B20727D13009315A8 /* DetailParkViewController.swift */ = {isa = PBXFileReference; lastKnownFileType = sourcecode.swift; path = DetailParkViewController.swift; sourceTree = "<group>"; };
		E525D19C20727D13009315A8 /* DetailParkViewController.xib */ = {isa = PBXFileReference; lastKnownFileType = file.xib; path = DetailParkViewController.xib; sourceTree = "<group>"; };
		E525D19F20727D23009315A8 /* InfoParkView.xib */ = {isa = PBXFileReference; lastKnownFileType = file.xib; path = InfoParkView.xib; sourceTree = "<group>"; };
		E530A8B5207760C3006D1454 /* Park.swift */ = {isa = PBXFileReference; lastKnownFileType = sourcecode.swift; path = Park.swift; sourceTree = "<group>"; };
		E530A8B7207766D2006D1454 /* Guest.swift */ = {isa = PBXFileReference; lastKnownFileType = sourcecode.swift; path = Guest.swift; sourceTree = "<group>"; };
		E542A8D5207A194F009DF90E /* README.md */ = {isa = PBXFileReference; fileEncoding = 4; lastKnownFileType = net.daringfireball.markdown; name = README.md; path = ../README.md; sourceTree = "<group>"; };
		E5A4918620844AD800399F5A /* Common.swift */ = {isa = PBXFileReference; lastKnownFileType = sourcecode.swift; path = Common.swift; sourceTree = "<group>"; };
		E5D301C12096F7CE00CBCFA5 /* ParkManagerViewController.swift */ = {isa = PBXFileReference; lastKnownFileType = sourcecode.swift; path = ParkManagerViewController.swift; sourceTree = "<group>"; };
		E5D301C32096F7F200CBCFA5 /* MapSelectionViewController.swift */ = {isa = PBXFileReference; lastKnownFileType = sourcecode.swift; path = MapSelectionViewController.swift; sourceTree = "<group>"; };
		E5DE3A442067382C007C4D1F /* hotmoto.app */ = {isa = PBXFileReference; explicitFileType = wrapper.application; includeInIndex = 0; path = hotmoto.app; sourceTree = BUILT_PRODUCTS_DIR; };
		E5DE3A472067382C007C4D1F /* AppDelegate.swift */ = {isa = PBXFileReference; lastKnownFileType = sourcecode.swift; path = AppDelegate.swift; sourceTree = "<group>"; };
		E5DE3A492067382C007C4D1F /* ViewController.swift */ = {isa = PBXFileReference; lastKnownFileType = sourcecode.swift; path = ViewController.swift; sourceTree = "<group>"; };
		E5DE3A4C2067382C007C4D1F /* Base */ = {isa = PBXFileReference; lastKnownFileType = file.storyboard; name = Base; path = Base.lproj/Main.storyboard; sourceTree = "<group>"; };
		E5DE3A4E2067382C007C4D1F /* Assets.xcassets */ = {isa = PBXFileReference; lastKnownFileType = folder.assetcatalog; path = Assets.xcassets; sourceTree = "<group>"; };
		E5DE3A512067382C007C4D1F /* Base */ = {isa = PBXFileReference; lastKnownFileType = file.storyboard; name = Base; path = Base.lproj/LaunchScreen.storyboard; sourceTree = "<group>"; };
		E5DE3A532067382C007C4D1F /* Info.plist */ = {isa = PBXFileReference; lastKnownFileType = text.plist.xml; path = Info.plist; sourceTree = "<group>"; };
		E5DE3A5A20673AF4007C4D1F /* Services.swift */ = {isa = PBXFileReference; fileEncoding = 4; lastKnownFileType = sourcecode.swift; path = Services.swift; sourceTree = "<group>"; };
		E5DE3A5B20673AF4007C4D1F /* ServicesConfig.swift */ = {isa = PBXFileReference; fileEncoding = 4; lastKnownFileType = sourcecode.swift; path = ServicesConfig.swift; sourceTree = "<group>"; };
		E5DE3A5C20673AF4007C4D1F /* ServicesFunction.swift */ = {isa = PBXFileReference; fileEncoding = 4; lastKnownFileType = sourcecode.swift; path = ServicesFunction.swift; sourceTree = "<group>"; };
		E5DE3A6120673B08007C4D1F /* Alamofire.framework */ = {isa = PBXFileReference; explicitFileType = wrapper.framework; path = Alamofire.framework; sourceTree = BUILT_PRODUCTS_DIR; };
		E5DE3A6320673B76007C4D1F /* Mi.swift */ = {isa = PBXFileReference; fileEncoding = 4; lastKnownFileType = sourcecode.swift; path = Mi.swift; sourceTree = "<group>"; };
		E5DE3A682067439E007C4D1F /* constant.swift */ = {isa = PBXFileReference; lastKnownFileType = sourcecode.swift; path = constant.swift; sourceTree = "<group>"; };
		E5DE3A6A206746CE007C4D1F /* GuestViewController.swift */ = {isa = PBXFileReference; lastKnownFileType = sourcecode.swift; path = GuestViewController.swift; sourceTree = "<group>"; };
		E5DE3A6C2067473A007C4D1F /* ParkViewController.swift */ = {isa = PBXFileReference; lastKnownFileType = sourcecode.swift; path = ParkViewController.swift; sourceTree = "<group>"; };
/* End PBXFileReference section */

/* Begin PBXFrameworksBuildPhase section */
		E5DE3A412067382C007C4D1F /* Frameworks */ = {
			isa = PBXFrameworksBuildPhase;
			buildActionMask = 2147483647;
			files = (
				E5DE3A6020673B08007C4D1F /* Alamofire.framework in Frameworks */,
				63D3070FE12BA44A925BFB6E /* Pods_hotmoto.framework in Frameworks */,
			);
			runOnlyForDeploymentPostprocessing = 0;
		};
/* End PBXFrameworksBuildPhase section */

/* Begin PBXGroup section */
		129A165F9D9A0146A8C78D4F /* Pods */ = {
			isa = PBXGroup;
			children = (
				730D13D70003136300A50607 /* Pods-hotmoto.debug.xcconfig */,
				D1A6591142D7CFE720FA404E /* Pods-hotmoto.release.xcconfig */,
			);
			name = Pods;
			sourceTree = "<group>";
		};
		87E58EDCBBDA892AEBB2909F /* Frameworks */ = {
			isa = PBXGroup;
			children = (
				E5DE3A6120673B08007C4D1F /* Alamofire.framework */,
				449E63D2DC3251B378E1C6C2 /* Pods_hotmoto.framework */,
			);
			name = Frameworks;
			sourceTree = "<group>";
		};
		E525D19320727A8F009315A8 /* Custom */ = {
			isa = PBXGroup;
			children = (
				E525D19420727C7A009315A8 /* DetailPark */,
				E525D19620727C7A009315A8 /* InfoPark */,
				E525D19520727C7A009315A8 /* ListParks */,
			);
			path = Custom;
			sourceTree = "<group>";
		};
		E525D19420727C7A009315A8 /* DetailPark */ = {
			isa = PBXGroup;
			children = (
				E525D19B20727D13009315A8 /* DetailParkViewController.swift */,
				E525D19C20727D13009315A8 /* DetailParkViewController.xib */,
			);
			path = DetailPark;
			sourceTree = "<group>";
		};
		E525D19520727C7A009315A8 /* ListParks */ = {
			isa = PBXGroup;
			children = (
				E5212E882074717300202CC9 /* ListParksViewController.swift */,
				E507F59A20889C8A00503089 /* ParkCell.swift */,
				E507F59B20889C8A00503089 /* ParkCell.xib */,
			);
			path = ListParks;
			sourceTree = "<group>";
		};
		E525D19620727C7A009315A8 /* InfoPark */ = {
			isa = PBXGroup;
			children = (
				E525D19920727CEC009315A8 /* InfoParkView.swift */,
				E525D19F20727D23009315A8 /* InfoParkView.xib */,
			);
			path = InfoPark;
			sourceTree = "<group>";
		};
		E5DE3A3B2067382C007C4D1F = {
			isa = PBXGroup;
			children = (
				E542A8D5207A194F009DF90E /* README.md */,
				E5DE3A6720674197007C4D1F /* common */,
				E5DE3A6220673B6B007C4D1F /* models */,
				E5DE3A5920673AF4007C4D1F /* Sevices */,
				E5DE3A462067382C007C4D1F /* hotmoto */,
				E5DE3A452067382C007C4D1F /* Products */,
				129A165F9D9A0146A8C78D4F /* Pods */,
				87E58EDCBBDA892AEBB2909F /* Frameworks */,
			);
			sourceTree = "<group>";
		};
		E5DE3A452067382C007C4D1F /* Products */ = {
			isa = PBXGroup;
			children = (
				E5DE3A442067382C007C4D1F /* hotmoto.app */,
			);
			name = Products;
			sourceTree = "<group>";
		};
		E5DE3A462067382C007C4D1F /* hotmoto */ = {
			isa = PBXGroup;
			children = (
				E525D19320727A8F009315A8 /* Custom */,
				E5DE3A6520673E0C007C4D1F /* Guest */,
				E5DE3A6620673E0C007C4D1F /* Parking */,
				E5DE3A472067382C007C4D1F /* AppDelegate.swift */,
				E5DE3A492067382C007C4D1F /* ViewController.swift */,
				E5DE3A4B2067382C007C4D1F /* Main.storyboard */,
				E5DE3A4E2067382C007C4D1F /* Assets.xcassets */,
				E5DE3A502067382C007C4D1F /* LaunchScreen.storyboard */,
				E5DE3A532067382C007C4D1F /* Info.plist */,
			);
			path = hotmoto;
			sourceTree = "<group>";
		};
		E5DE3A5920673AF4007C4D1F /* Sevices */ = {
			isa = PBXGroup;
			children = (
				E5DE3A5A20673AF4007C4D1F /* Services.swift */,
				E5DE3A5B20673AF4007C4D1F /* ServicesConfig.swift */,
				E5DE3A5C20673AF4007C4D1F /* ServicesFunction.swift */,
			);
			name = Sevices;
			path = hotmoto/Sevices;
			sourceTree = "<group>";
		};
		E5DE3A6220673B6B007C4D1F /* models */ = {
			isa = PBXGroup;
			children = (
				E5DE3A6320673B76007C4D1F /* Mi.swift */,
				E530A8B5207760C3006D1454 /* Park.swift */,
				E530A8B7207766D2006D1454 /* Guest.swift */,
			);
			path = models;
			sourceTree = "<group>";
		};
		E5DE3A6520673E0C007C4D1F /* Guest */ = {
			isa = PBXGroup;
			children = (
				E5DE3A6A206746CE007C4D1F /* GuestViewController.swift */,
			);
			path = Guest;
			sourceTree = "<group>";
		};
		E5DE3A6620673E0C007C4D1F /* Parking */ = {
			isa = PBXGroup;
			children = (
				E5DE3A6C2067473A007C4D1F /* ParkViewController.swift */,
				E5D301C12096F7CE00CBCFA5 /* ParkManagerViewController.swift */,
				E5D301C32096F7F200CBCFA5 /* MapSelectionViewController.swift */,
			);
			path = Parking;
			sourceTree = "<group>";
		};
		E5DE3A6720674197007C4D1F /* common */ = {
			isa = PBXGroup;
			children = (
				E5212E86207460A600202CC9 /* GreenView.swift */,
				E5A4918620844AD800399F5A /* Common.swift */,
				E5DE3A682067439E007C4D1F /* constant.swift */,
			);
			path = common;
			sourceTree = "<group>";
		};
/* End PBXGroup section */

/* Begin PBXNativeTarget section */
		E5DE3A432067382C007C4D1F /* hotmoto */ = {
			isa = PBXNativeTarget;
			buildConfigurationList = E5DE3A562067382C007C4D1F /* Build configuration list for PBXNativeTarget "hotmoto" */;
			buildPhases = (
				455C4A4BF197908E27BBD933 /* [CP] Check Pods Manifest.lock */,
				E5DE3A402067382C007C4D1F /* Sources */,
				E5DE3A412067382C007C4D1F /* Frameworks */,
				E5DE3A422067382C007C4D1F /* Resources */,
				D111D0ECE8A031139F914F2C /* [CP] Embed Pods Frameworks */,
				1FA0CEAEF75E3D9985353B4E /* [CP] Copy Pods Resources */,
			);
			buildRules = (
			);
			dependencies = (
			);
			name = hotmoto;
			productName = hotmoto;
			productReference = E5DE3A442067382C007C4D1F /* hotmoto.app */;
			productType = "com.apple.product-type.application";
		};
/* End PBXNativeTarget section */

/* Begin PBXProject section */
		E5DE3A3C2067382C007C4D1F /* Project object */ = {
			isa = PBXProject;
			attributes = {
				LastSwiftUpdateCheck = 0920;
				LastUpgradeCheck = 0920;
				ORGANIZATIONNAME = Huy;
				TargetAttributes = {
					E5DE3A432067382C007C4D1F = {
						CreatedOnToolsVersion = 9.2;
						ProvisioningStyle = Manual;
					};
				};
			};
			buildConfigurationList = E5DE3A3F2067382C007C4D1F /* Build configuration list for PBXProject "hotmoto" */;
			compatibilityVersion = "Xcode 8.0";
			developmentRegion = en;
			hasScannedForEncodings = 0;
			knownRegions = (
				en,
				Base,
			);
			mainGroup = E5DE3A3B2067382C007C4D1F;
			productRefGroup = E5DE3A452067382C007C4D1F /* Products */;
			projectDirPath = "";
			projectRoot = "";
			targets = (
				E5DE3A432067382C007C4D1F /* hotmoto */,
			);
		};
/* End PBXProject section */

/* Begin PBXResourcesBuildPhase section */
		E5DE3A422067382C007C4D1F /* Resources */ = {
			isa = PBXResourcesBuildPhase;
			buildActionMask = 2147483647;
			files = (
				E542A8D6207A194F009DF90E /* README.md in Resources */,
				E5DE3A522067382C007C4D1F /* LaunchScreen.storyboard in Resources */,
				E525D19E20727D13009315A8 /* DetailParkViewController.xib in Resources */,
				E525D1A020727D23009315A8 /* InfoParkView.xib in Resources */,
				E5DE3A4F2067382C007C4D1F /* Assets.xcassets in Resources */,
				E5DE3A4D2067382C007C4D1F /* Main.storyboard in Resources */,
				E507F59D20889C8A00503089 /* ParkCell.xib in Resources */,
			);
			runOnlyForDeploymentPostprocessing = 0;
		};
/* End PBXResourcesBuildPhase section */

/* Begin PBXShellScriptBuildPhase section */
		1FA0CEAEF75E3D9985353B4E /* [CP] Copy Pods Resources */ = {
			isa = PBXShellScriptBuildPhase;
			buildActionMask = 2147483647;
			files = (
			);
			inputPaths = (
				"${SRCROOT}/Pods/Target Support Files/Pods-hotmoto/Pods-hotmoto-resources.sh",
				"${PODS_ROOT}/GoogleMaps/Maps/Frameworks/GoogleMaps.framework/Resources/GoogleMaps.bundle",
				"${PODS_ROOT}/GooglePlaces/Frameworks/GooglePlaces.framework/Resources/GooglePlaces.bundle",
			);
			name = "[CP] Copy Pods Resources";
			outputPaths = (
				"${TARGET_BUILD_DIR}/${UNLOCALIZED_RESOURCES_FOLDER_PATH}",
			);
			runOnlyForDeploymentPostprocessing = 0;
			shellPath = /bin/sh;
			shellScript = "\"${SRCROOT}/Pods/Target Support Files/Pods-hotmoto/Pods-hotmoto-resources.sh\"\n";
			showEnvVarsInLog = 0;
		};
		455C4A4BF197908E27BBD933 /* [CP] Check Pods Manifest.lock */ = {
			isa = PBXShellScriptBuildPhase;
			buildActionMask = 2147483647;
			files = (
			);
			inputPaths = (
				"${PODS_PODFILE_DIR_PATH}/Podfile.lock",
				"${PODS_ROOT}/Manifest.lock",
			);
			name = "[CP] Check Pods Manifest.lock";
			outputPaths = (
				"$(DERIVED_FILE_DIR)/Pods-hotmoto-checkManifestLockResult.txt",
			);
			runOnlyForDeploymentPostprocessing = 0;
			shellPath = /bin/sh;
			shellScript = "diff \"${PODS_PODFILE_DIR_PATH}/Podfile.lock\" \"${PODS_ROOT}/Manifest.lock\" > /dev/null\nif [ $? != 0 ] ; then\n    # print error to STDERR\n    echo \"error: The sandbox is not in sync with the Podfile.lock. Run 'pod install' or update your CocoaPods installation.\" >&2\n    exit 1\nfi\n# This output is used by Xcode 'outputs' to avoid re-running this script phase.\necho \"SUCCESS\" > \"${SCRIPT_OUTPUT_FILE_0}\"\n";
			showEnvVarsInLog = 0;
		};
		D111D0ECE8A031139F914F2C /* [CP] Embed Pods Frameworks */ = {
			isa = PBXShellScriptBuildPhase;
			buildActionMask = 2147483647;
			files = (
			);
			inputPaths = (
				"${SRCROOT}/Pods/Target Support Files/Pods-hotmoto/Pods-hotmoto-frameworks.sh",
				"${BUILT_PRODUCTS_DIR}/Alamofire/Alamofire.framework",
			);
			name = "[CP] Embed Pods Frameworks";
			outputPaths = (
				"${TARGET_BUILD_DIR}/${FRAMEWORKS_FOLDER_PATH}/Alamofire.framework",
			);
			runOnlyForDeploymentPostprocessing = 0;
			shellPath = /bin/sh;
			shellScript = "\"${SRCROOT}/Pods/Target Support Files/Pods-hotmoto/Pods-hotmoto-frameworks.sh\"\n";
			showEnvVarsInLog = 0;
		};
/* End PBXShellScriptBuildPhase section */

/* Begin PBXSourcesBuildPhase section */
		E5DE3A402067382C007C4D1F /* Sources */ = {
			isa = PBXSourcesBuildPhase;
			buildActionMask = 2147483647;
			files = (
				E5A4918720844AD800399F5A /* Common.swift in Sources */,
				E5DE3A6D2067473A007C4D1F /* ParkViewController.swift in Sources */,
				E530A8B6207760C3006D1454 /* Park.swift in Sources */,
				E5DE3A4A2067382C007C4D1F /* ViewController.swift in Sources */,
				E5DE3A692067439E007C4D1F /* constant.swift in Sources */,
				E525D19D20727D13009315A8 /* DetailParkViewController.swift in Sources */,
				E530A8B8207766D2006D1454 /* Guest.swift in Sources */,
				E5DE3A5E20673AF4007C4D1F /* ServicesConfig.swift in Sources */,
				E5DE3A6B206746CE007C4D1F /* GuestViewController.swift in Sources */,
				E5212E87207460A600202CC9 /* GreenView.swift in Sources */,
				E507F59C20889C8A00503089 /* ParkCell.swift in Sources */,
				E5DE3A5F20673AF4007C4D1F /* ServicesFunction.swift in Sources */,
				E5D301C42096F7F200CBCFA5 /* MapSelectionViewController.swift in Sources */,
				E525D19A20727CEC009315A8 /* InfoParkView.swift in Sources */,
				E5212E8A2074717300202CC9 /* ListParksViewController.swift in Sources */,
				E5DE3A5D20673AF4007C4D1F /* Services.swift in Sources */,
				E5DE3A482067382C007C4D1F /* AppDelegate.swift in Sources */,
				E5D301C22096F7CE00CBCFA5 /* ParkManagerViewController.swift in Sources */,
				E5DE3A6420673B76007C4D1F /* Mi.swift in Sources */,
			);
			runOnlyForDeploymentPostprocessing = 0;
		};
/* End PBXSourcesBuildPhase section */

/* Begin PBXVariantGroup section */
		E5DE3A4B2067382C007C4D1F /* Main.storyboard */ = {
			isa = PBXVariantGroup;
			children = (
				E5DE3A4C2067382C007C4D1F /* Base */,
			);
			name = Main.storyboard;
			sourceTree = "<group>";
		};
		E5DE3A502067382C007C4D1F /* LaunchScreen.storyboard */ = {
			isa = PBXVariantGroup;
			children = (
				E5DE3A512067382C007C4D1F /* Base */,
			);
			name = LaunchScreen.storyboard;
			sourceTree = "<group>";
		};
/* End PBXVariantGroup section */

/* Begin XCBuildConfiguration section */
		E5DE3A542067382C007C4D1F /* Debug */ = {
			isa = XCBuildConfiguration;
			buildSettings = {
				ALWAYS_SEARCH_USER_PATHS = NO;
				CLANG_ANALYZER_NONNULL = YES;
				CLANG_ANALYZER_NUMBER_OBJECT_CONVERSION = YES_AGGRESSIVE;
				CLANG_CXX_LANGUAGE_STANDARD = "gnu++14";
				CLANG_CXX_LIBRARY = "libc++";
				CLANG_ENABLE_MODULES = YES;
				CLANG_ENABLE_OBJC_ARC = YES;
				CLANG_WARN_BLOCK_CAPTURE_AUTORELEASING = YES;
				CLANG_WARN_BOOL_CONVERSION = YES;
				CLANG_WARN_COMMA = YES;
				CLANG_WARN_CONSTANT_CONVERSION = YES;
				CLANG_WARN_DIRECT_OBJC_ISA_USAGE = YES_ERROR;
				CLANG_WARN_DOCUMENTATION_COMMENTS = YES;
				CLANG_WARN_EMPTY_BODY = YES;
				CLANG_WARN_ENUM_CONVERSION = YES;
				CLANG_WARN_INFINITE_RECURSION = YES;
				CLANG_WARN_INT_CONVERSION = YES;
				CLANG_WARN_NON_LITERAL_NULL_CONVERSION = YES;
				CLANG_WARN_OBJC_LITERAL_CONVERSION = YES;
				CLANG_WARN_OBJC_ROOT_CLASS = YES_ERROR;
				CLANG_WARN_RANGE_LOOP_ANALYSIS = YES;
				CLANG_WARN_STRICT_PROTOTYPES = YES;
				CLANG_WARN_SUSPICIOUS_MOVE = YES;
				CLANG_WARN_UNGUARDED_AVAILABILITY = YES_AGGRESSIVE;
				CLANG_WARN_UNREACHABLE_CODE = YES;
				CLANG_WARN__DUPLICATE_METHOD_MATCH = YES;
				CODE_SIGN_IDENTITY = "iPhone Developer";
				COPY_PHASE_STRIP = NO;
				DEBUG_INFORMATION_FORMAT = dwarf;
				ENABLE_STRICT_OBJC_MSGSEND = YES;
				ENABLE_TESTABILITY = YES;
				GCC_C_LANGUAGE_STANDARD = gnu11;
				GCC_DYNAMIC_NO_PIC = NO;
				GCC_NO_COMMON_BLOCKS = YES;
				GCC_OPTIMIZATION_LEVEL = 0;
				GCC_PREPROCESSOR_DEFINITIONS = (
					"DEBUG=1",
					"$(inherited)",
				);
				GCC_WARN_64_TO_32_BIT_CONVERSION = YES;
				GCC_WARN_ABOUT_RETURN_TYPE = YES_ERROR;
				GCC_WARN_UNDECLARED_SELECTOR = YES;
				GCC_WARN_UNINITIALIZED_AUTOS = YES_AGGRESSIVE;
				GCC_WARN_UNUSED_FUNCTION = YES;
				GCC_WARN_UNUSED_VARIABLE = YES;
				IPHONEOS_DEPLOYMENT_TARGET = 10.0;
				MTL_ENABLE_DEBUG_INFO = YES;
				ONLY_ACTIVE_ARCH = YES;
				SDKROOT = iphoneos;
				SWIFT_ACTIVE_COMPILATION_CONDITIONS = DEBUG;
				SWIFT_OPTIMIZATION_LEVEL = "-Onone";
			};
			name = Debug;
		};
		E5DE3A552067382C007C4D1F /* Release */ = {
			isa = XCBuildConfiguration;
			buildSettings = {
				ALWAYS_SEARCH_USER_PATHS = NO;
				CLANG_ANALYZER_NONNULL = YES;
				CLANG_ANALYZER_NUMBER_OBJECT_CONVERSION = YES_AGGRESSIVE;
				CLANG_CXX_LANGUAGE_STANDARD = "gnu++14";
				CLANG_CXX_LIBRARY = "libc++";
				CLANG_ENABLE_MODULES = YES;
				CLANG_ENABLE_OBJC_ARC = YES;
				CLANG_WARN_BLOCK_CAPTURE_AUTORELEASING = YES;
				CLANG_WARN_BOOL_CONVERSION = YES;
				CLANG_WARN_COMMA = YES;
				CLANG_WARN_CONSTANT_CONVERSION = YES;
				CLANG_WARN_DIRECT_OBJC_ISA_USAGE = YES_ERROR;
				CLANG_WARN_DOCUMENTATION_COMMENTS = YES;
				CLANG_WARN_EMPTY_BODY = YES;
				CLANG_WARN_ENUM_CONVERSION = YES;
				CLANG_WARN_INFINITE_RECURSION = YES;
				CLANG_WARN_INT_CONVERSION = YES;
				CLANG_WARN_NON_LITERAL_NULL_CONVERSION = YES;
				CLANG_WARN_OBJC_LITERAL_CONVERSION = YES;
				CLANG_WARN_OBJC_ROOT_CLASS = YES_ERROR;
				CLANG_WARN_RANGE_LOOP_ANALYSIS = YES;
				CLANG_WARN_STRICT_PROTOTYPES = YES;
				CLANG_WARN_SUSPICIOUS_MOVE = YES;
				CLANG_WARN_UNGUARDED_AVAILABILITY = YES_AGGRESSIVE;
				CLANG_WARN_UNREACHABLE_CODE = YES;
				CLANG_WARN__DUPLICATE_METHOD_MATCH = YES;
				CODE_SIGN_IDENTITY = "iPhone Developer";
				COPY_PHASE_STRIP = NO;
				DEBUG_INFORMATION_FORMAT = "dwarf-with-dsym";
				ENABLE_NS_ASSERTIONS = NO;
				ENABLE_STRICT_OBJC_MSGSEND = YES;
				GCC_C_LANGUAGE_STANDARD = gnu11;
				GCC_NO_COMMON_BLOCKS = YES;
				GCC_WARN_64_TO_32_BIT_CONVERSION = YES;
				GCC_WARN_ABOUT_RETURN_TYPE = YES_ERROR;
				GCC_WARN_UNDECLARED_SELECTOR = YES;
				GCC_WARN_UNINITIALIZED_AUTOS = YES_AGGRESSIVE;
				GCC_WARN_UNUSED_FUNCTION = YES;
				GCC_WARN_UNUSED_VARIABLE = YES;
				IPHONEOS_DEPLOYMENT_TARGET = 10.0;
				MTL_ENABLE_DEBUG_INFO = NO;
				SDKROOT = iphoneos;
				SWIFT_OPTIMIZATION_LEVEL = "-Owholemodule";
				VALIDATE_PRODUCT = YES;
			};
			name = Release;
		};
		E5DE3A572067382C007C4D1F /* Debug */ = {
			isa = XCBuildConfiguration;
			baseConfigurationReference = 730D13D70003136300A50607 /* Pods-hotmoto.debug.xcconfig */;
			buildSettings = {
				ASSETCATALOG_COMPILER_APPICON_NAME = AppIcon;
				CODE_SIGN_STYLE = Manual;
				DEVELOPMENT_TEAM = 5779D9JCS3;
				ENABLE_BITCODE = YES;
				INFOPLIST_FILE = hotmoto/Info.plist;
				IPHONEOS_DEPLOYMENT_TARGET = 10.0;
				LD_RUNPATH_SEARCH_PATHS = "$(inherited) @executable_path/Frameworks";
				PRODUCT_BUNDLE_IDENTIFIER = com.nhatcuongpublic.hotmoto;
				PRODUCT_NAME = "$(TARGET_NAME)";
				PROVISIONING_PROFILE = "ceac3eff-449b-41b3-987b-220cc75be608";
				PROVISIONING_PROFILE_SPECIFIER = NHATCUONG_PUBLIC_PROVISIONING;
				SWIFT_VERSION = 4.0;
				TARGETED_DEVICE_FAMILY = "1,2";
			};
			name = Debug;
		};
		E5DE3A582067382C007C4D1F /* Release */ = {
			isa = XCBuildConfiguration;
			baseConfigurationReference = D1A6591142D7CFE720FA404E /* Pods-hotmoto.release.xcconfig */;
			buildSettings = {
				ASSETCATALOG_COMPILER_APPICON_NAME = AppIcon;
				CODE_SIGN_STYLE = Manual;
				DEVELOPMENT_TEAM = 5779D9JCS3;
				ENABLE_BITCODE = YES;
				INFOPLIST_FILE = hotmoto/Info.plist;
				IPHONEOS_DEPLOYMENT_TARGET = 10.0;
				LD_RUNPATH_SEARCH_PATHS = "$(inherited) @executable_path/Frameworks";
				PRODUCT_BUNDLE_IDENTIFIER = com.nhatcuongpublic.hotmoto;
				PRODUCT_NAME = "$(TARGET_NAME)";
				PROVISIONING_PROFILE = "3f4dbf0b-8827-46fe-820e-0f0a7f092510";
				PROVISIONING_PROFILE_SPECIFIER = NHATCUONG_PUBLIC_PROVISIONING;
				SWIFT_VERSION = 4.0;
				TARGETED_DEVICE_FAMILY = "1,2";
			};
			name = Release;
		};
/* End XCBuildConfiguration section */

/* Begin XCConfigurationList section */
		E5DE3A3F2067382C007C4D1F /* Build configuration list for PBXProject "hotmoto" */ = {
			isa = XCConfigurationList;
			buildConfigurations = (
				E5DE3A542067382C007C4D1F /* Debug */,
				E5DE3A552067382C007C4D1F /* Release */,
			);
			defaultConfigurationIsVisible = 0;
			defaultConfigurationName = Release;
		};
		E5DE3A562067382C007C4D1F /* Build configuration list for PBXNativeTarget "hotmoto" */ = {
			isa = XCConfigurationList;
			buildConfigurations = (
				E5DE3A572067382C007C4D1F /* Debug */,
				E5DE3A582067382C007C4D1F /* Release */,
			);
			defaultConfigurationIsVisible = 0;
			defaultConfigurationName = Release;
		};
/* End XCConfigurationList section */
	};
	rootObject = E5DE3A3C2067382C007C4D1F /* Project object */;
}
